// !$*UTF8*$!
{
	archiveVersion = 1;
	classes = {
	};
	objectVersion = 50;
	objects = {

/* Begin PBXBuildFile section */
		8C9267AD26EACE200056A5D1 /* AppDelegate.swift in Sources */ = {isa = PBXBuildFile; fileRef = 8C9267AC26EACE200056A5D1 /* AppDelegate.swift */; };
		8C9267AF26EACE200056A5D1 /* SceneDelegate.swift in Sources */ = {isa = PBXBuildFile; fileRef = 8C9267AE26EACE200056A5D1 /* SceneDelegate.swift */; };
		8C9267B126EACE200056A5D1 /* ViewController.swift in Sources */ = {isa = PBXBuildFile; fileRef = 8C9267B026EACE200056A5D1 /* ViewController.swift */; };
		8C9267B426EACE200056A5D1 /* Main.storyboard in Resources */ = {isa = PBXBuildFile; fileRef = 8C9267B226EACE200056A5D1 /* Main.storyboard */; };
		8C9267B626EACE230056A5D1 /* Assets.xcassets in Resources */ = {isa = PBXBuildFile; fileRef = 8C9267B526EACE230056A5D1 /* Assets.xcassets */; };
		8C9267B926EACE230056A5D1 /* LaunchScreen.storyboard in Resources */ = {isa = PBXBuildFile; fileRef = 8C9267B726EACE230056A5D1 /* LaunchScreen.storyboard */; };
		8C9267C426EACE240056A5D1 /* swift_demoTests.swift in Sources */ = {isa = PBXBuildFile; fileRef = 8C9267C326EACE240056A5D1 /* swift_demoTests.swift */; };
		8C9267CF26EACE240056A5D1 /* swift_demoUITests.swift in Sources */ = {isa = PBXBuildFile; fileRef = 8C9267CE26EACE240056A5D1 /* swift_demoUITests.swift */; };
/* End PBXBuildFile section */

/* Begin PBXContainerItemProxy section */
		8C9267C026EACE240056A5D1 /* PBXContainerItemProxy */ = {
			isa = PBXContainerItemProxy;
			containerPortal = 8C9267A126EACE200056A5D1 /* Project object */;
			proxyType = 1;
			remoteGlobalIDString = 8C9267A826EACE200056A5D1;
			remoteInfo = "swift-demo";
		};
		8C9267CB26EACE240056A5D1 /* PBXContainerItemProxy */ = {
			isa = PBXContainerItemProxy;
			containerPortal = 8C9267A126EACE200056A5D1 /* Project object */;
			proxyType = 1;
			remoteGlobalIDString = 8C9267A826EACE200056A5D1;
			remoteInfo = "swift-demo";
		};
/* End PBXContainerItemProxy section */

/* Begin PBXFileReference section */
		8C9267A926EACE200056A5D1 /* swift-demo.app */ = {isa = PBXFileReference; explicitFileType = wrapper.application; includeInIndex = 0; path = "swift-demo.app"; sourceTree = BUILT_PRODUCTS_DIR; };
		8C9267AC26EACE200056A5D1 /* AppDelegate.swift */ = {isa = PBXFileReference; lastKnownFileType = sourcecode.swift; path = AppDelegate.swift; sourceTree = "<group>"; };
		8C9267AE26EACE200056A5D1 /* SceneDelegate.swift */ = {isa = PBXFileReference; lastKnownFileType = sourcecode.swift; path = SceneDelegate.swift; sourceTree = "<group>"; };
		8C9267B026EACE200056A5D1 /* ViewController.swift */ = {isa = PBXFileReference; lastKnownFileType = sourcecode.swift; path = ViewController.swift; sourceTree = "<group>"; };
		8C9267B326EACE200056A5D1 /* Base */ = {isa = PBXFileReference; lastKnownFileType = file.storyboard; name = Base; path = Base.lproj/Main.storyboard; sourceTree = "<group>"; };
		8C9267B526EACE230056A5D1 /* Assets.xcassets */ = {isa = PBXFileReference; lastKnownFileType = folder.assetcatalog; path = Assets.xcassets; sourceTree = "<group>"; };
		8C9267B826EACE230056A5D1 /* Base */ = {isa = PBXFileReference; lastKnownFileType = file.storyboard; name = Base; path = Base.lproj/LaunchScreen.storyboard; sourceTree = "<group>"; };
		8C9267BA26EACE230056A5D1 /* Info.plist */ = {isa = PBXFileReference; lastKnownFileType = text.plist.xml; path = Info.plist; sourceTree = "<group>"; };
		8C9267BF26EACE240056A5D1 /* swift-demoTests.xctest */ = {isa = PBXFileReference; explicitFileType = wrapper.cfbundle; includeInIndex = 0; path = "swift-demoTests.xctest"; sourceTree = BUILT_PRODUCTS_DIR; };
		8C9267C326EACE240056A5D1 /* swift_demoTests.swift */ = {isa = PBXFileReference; lastKnownFileType = sourcecode.swift; path = swift_demoTests.swift; sourceTree = "<group>"; };
		8C9267C526EACE240056A5D1 /* Info.plist */ = {isa = PBXFileReference; lastKnownFileType = text.plist.xml; path = Info.plist; sourceTree = "<group>"; };
		8C9267CA26EACE240056A5D1 /* swift-demoUITests.xctest */ = {isa = PBXFileReference; explicitFileType = wrapper.cfbundle; includeInIndex = 0; path = "swift-demoUITests.xctest"; sourceTree = BUILT_PRODUCTS_DIR; };
		8C9267CE26EACE240056A5D1 /* swift_demoUITests.swift */ = {isa = PBXFileReference; lastKnownFileType = sourcecode.swift; path = swift_demoUITests.swift; sourceTree = "<group>"; };
		8C9267D026EACE240056A5D1 /* Info.plist */ = {isa = PBXFileReference; lastKnownFileType = text.plist.xml; path = Info.plist; sourceTree = "<group>"; };
/* End PBXFileReference section */

/* Begin PBXFrameworksBuildPhase section */
		8C9267A626EACE200056A5D1 /* Frameworks */ = {
			isa = PBXFrameworksBuildPhase;
			buildActionMask = 2147483647;
			files = (
			);
			runOnlyForDeploymentPostprocessing = 0;
		};
		8C9267BC26EACE240056A5D1 /* Frameworks */ = {
			isa = PBXFrameworksBuildPhase;
			buildActionMask = 2147483647;
			files = (
			);
			runOnlyForDeploymentPostprocessing = 0;
		};
		8C9267C726EACE240056A5D1 /* Frameworks */ = {
			isa = PBXFrameworksBuildPhase;
			buildActionMask = 2147483647;
			files = (
			);
			runOnlyForDeploymentPostprocessing = 0;
		};
/* End PBXFrameworksBuildPhase section */

/* Begin PBXGroup section */
		8C9267A026EACE200056A5D1 = {
			isa = PBXGroup;
			children = (
				8C9267AB26EACE200056A5D1 /* swift-demo */,
				8C9267C226EACE240056A5D1 /* swift-demoTests */,
				8C9267CD26EACE240056A5D1 /* swift-demoUITests */,
				8C9267AA26EACE200056A5D1 /* Products */,
			);
			sourceTree = "<group>";
		};
		8C9267AA26EACE200056A5D1 /* Products */ = {
			isa = PBXGroup;
			children = (
				8C9267A926EACE200056A5D1 /* swift-demo.app */,
				8C9267BF26EACE240056A5D1 /* swift-demoTests.xctest */,
				8C9267CA26EACE240056A5D1 /* swift-demoUITests.xctest */,
			);
			name = Products;
			sourceTree = "<group>";
		};
		8C9267AB26EACE200056A5D1 /* swift-demo */ = {
			isa = PBXGroup;
			children = (
				8C9267AC26EACE200056A5D1 /* AppDelegate.swift */,
				8C9267AE26EACE200056A5D1 /* SceneDelegate.swift */,
				8C9267B026EACE200056A5D1 /* ViewController.swift */,
				8C9267B226EACE200056A5D1 /* Main.storyboard */,
				8C9267B526EACE230056A5D1 /* Assets.xcassets */,
				8C9267B726EACE230056A5D1 /* LaunchScreen.storyboard */,
				8C9267BA26EACE230056A5D1 /* Info.plist */,
			);
			path = "swift-demo";
			sourceTree = "<group>";
		};
		8C9267C226EACE240056A5D1 /* swift-demoTests */ = {
			isa = PBXGroup;
			children = (
				8C9267C326EACE240056A5D1 /* swift_demoTests.swift */,
				8C9267C526EACE240056A5D1 /* Info.plist */,
			);
			path = "swift-demoTests";
			sourceTree = "<group>";
		};
		8C9267CD26EACE240056A5D1 /* swift-demoUITests */ = {
			isa = PBXGroup;
			children = (
				8C9267CE26EACE240056A5D1 /* swift_demoUITests.swift */,
				8C9267D026EACE240056A5D1 /* Info.plist */,
			);
			path = "swift-demoUITests";
			sourceTree = "<group>";
		};
/* End PBXGroup section */

/* Begin PBXNativeTarget section */
		8C9267A826EACE200056A5D1 /* swift-demo */ = {
			isa = PBXNativeTarget;
			buildConfigurationList = 8C9267D326EACE240056A5D1 /* Build configuration list for PBXNativeTarget "swift-demo" */;
			buildPhases = (
				8C9267A526EACE200056A5D1 /* Sources */,
				8C9267A626EACE200056A5D1 /* Frameworks */,
				8C9267A726EACE200056A5D1 /* Resources */,
			);
			buildRules = (
			);
			dependencies = (
			);
			name = "swift-demo";
			productName = "swift-demo";
			productReference = 8C9267A926EACE200056A5D1 /* swift-demo.app */;
			productType = "com.apple.product-type.application";
		};
		8C9267BE26EACE240056A5D1 /* swift-demoTests */ = {
			isa = PBXNativeTarget;
			buildConfigurationList = 8C9267D626EACE240056A5D1 /* Build configuration list for PBXNativeTarget "swift-demoTests" */;
			buildPhases = (
				8C9267BB26EACE240056A5D1 /* Sources */,
				8C9267BC26EACE240056A5D1 /* Frameworks */,
				8C9267BD26EACE240056A5D1 /* Resources */,
			);
			buildRules = (
			);
			dependencies = (
				8C9267C126EACE240056A5D1 /* PBXTargetDependency */,
			);
			name = "swift-demoTests";
			productName = "swift-demoTests";
			productReference = 8C9267BF26EACE240056A5D1 /* swift-demoTests.xctest */;
			productType = "com.apple.product-type.bundle.unit-test";
		};
		8C9267C926EACE240056A5D1 /* swift-demoUITests */ = {
			isa = PBXNativeTarget;
			buildConfigurationList = 8C9267D926EACE240056A5D1 /* Build configuration list for PBXNativeTarget "swift-demoUITests" */;
			buildPhases = (
				8C9267C626EACE240056A5D1 /* Sources */,
				8C9267C726EACE240056A5D1 /* Frameworks */,
				8C9267C826EACE240056A5D1 /* Resources */,
			);
			buildRules = (
			);
			dependencies = (
				8C9267CC26EACE240056A5D1 /* PBXTargetDependency */,
			);
			name = "swift-demoUITests";
			productName = "swift-demoUITests";
			productReference = 8C9267CA26EACE240056A5D1 /* swift-demoUITests.xctest */;
			productType = "com.apple.product-type.bundle.ui-testing";
		};
/* End PBXNativeTarget section */

/* Begin PBXProject section */
		8C9267A126EACE200056A5D1 /* Project object */ = {
			isa = PBXProject;
			attributes = {
				LastSwiftUpdateCheck = 1250;
				LastUpgradeCheck = 1250;
				TargetAttributes = {
					8C9267A826EACE200056A5D1 = {
						CreatedOnToolsVersion = 12.5.1;
					};
					8C9267BE26EACE240056A5D1 = {
						CreatedOnToolsVersion = 12.5.1;
						TestTargetID = 8C9267A826EACE200056A5D1;
					};
					8C9267C926EACE240056A5D1 = {
						CreatedOnToolsVersion = 12.5.1;
						TestTargetID = 8C9267A826EACE200056A5D1;
					};
				};
			};
			buildConfigurationList = 8C9267A426EACE200056A5D1 /* Build configuration list for PBXProject "swift-demo" */;
			compatibilityVersion = "Xcode 9.3";
			developmentRegion = en;
			hasScannedForEncodings = 0;
			knownRegions = (
				en,
				Base,
			);
			mainGroup = 8C9267A026EACE200056A5D1;
			productRefGroup = 8C9267AA26EACE200056A5D1 /* Products */;
			projectDirPath = "";
			projectRoot = "";
			targets = (
				8C9267A826EACE200056A5D1 /* swift-demo */,
				8C9267BE26EACE240056A5D1 /* swift-demoTests */,
				8C9267C926EACE240056A5D1 /* swift-demoUITests */,
			);
		};
/* End PBXProject section */

/* Begin PBXResourcesBuildPhase section */
		8C9267A726EACE200056A5D1 /* Resources */ = {
			isa = PBXResourcesBuildPhase;
			buildActionMask = 2147483647;
			files = (
				8C9267B926EACE230056A5D1 /* LaunchScreen.storyboard in Resources */,
				8C9267B626EACE230056A5D1 /* Assets.xcassets in Resources */,
				8C9267B426EACE200056A5D1 /* Main.storyboard in Resources */,
			);
			runOnlyForDeploymentPostprocessing = 0;
		};
		8C9267BD26EACE240056A5D1 /* Resources */ = {
			isa = PBXResourcesBuildPhase;
			buildActionMask = 2147483647;
			files = (
			);
			runOnlyForDeploymentPostprocessing = 0;
		};
		8C9267C826EACE240056A5D1 /* Resources */ = {
			isa = PBXResourcesBuildPhase;
			buildActionMask = 2147483647;
			files = (
			);
			runOnlyForDeploymentPostprocessing = 0;
		};
/* End PBXResourcesBuildPhase section */

/* Begin PBXSourcesBuildPhase section */
		8C9267A526EACE200056A5D1 /* Sources */ = {
			isa = PBXSourcesBuildPhase;
			buildActionMask = 2147483647;
			files = (
				8C9267B126EACE200056A5D1 /* ViewController.swift in Sources */,
				8C9267AD26EACE200056A5D1 /* AppDelegate.swift in Sources */,
				8C9267AF26EACE200056A5D1 /* SceneDelegate.swift in Sources */,
			);
			runOnlyForDeploymentPostprocessing = 0;
		};
		8C9267BB26EACE240056A5D1 /* Sources */ = {
			isa = PBXSourcesBuildPhase;
			buildActionMask = 2147483647;
			files = (
				8C9267C426EACE240056A5D1 /* swift_demoTests.swift in Sources */,
			);
			runOnlyForDeploymentPostprocessing = 0;
		};
		8C9267C626EACE240056A5D1 /* Sources */ = {
			isa = PBXSourcesBuildPhase;
			buildActionMask = 2147483647;
			files = (
				8C9267CF26EACE240056A5D1 /* swift_demoUITests.swift in Sources */,
			);
			runOnlyForDeploymentPostprocessing = 0;
		};
/* End PBXSourcesBuildPhase section */

/* Begin PBXTargetDependency section */
		8C9267C126EACE240056A5D1 /* PBXTargetDependency */ = {
			isa = PBXTargetDependency;
			target = 8C9267A826EACE200056A5D1 /* swift-demo */;
			targetProxy = 8C9267C026EACE240056A5D1 /* PBXContainerItemProxy */;
		};
		8C9267CC26EACE240056A5D1 /* PBXTargetDependency */ = {
			isa = PBXTargetDependency;
			target = 8C9267A826EACE200056A5D1 /* swift-demo */;
			targetProxy = 8C9267CB26EACE240056A5D1 /* PBXContainerItemProxy */;
		};
/* End PBXTargetDependency section */

/* Begin PBXVariantGroup section */
		8C9267B226EACE200056A5D1 /* Main.storyboard */ = {
			isa = PBXVariantGroup;
			children = (
				8C9267B326EACE200056A5D1 /* Base */,
			);
			name = Main.storyboard;
			sourceTree = "<group>";
		};
		8C9267B726EACE230056A5D1 /* LaunchScreen.storyboard */ = {
			isa = PBXVariantGroup;
			children = (
				8C9267B826EACE230056A5D1 /* Base */,
			);
			name = LaunchScreen.storyboard;
			sourceTree = "<group>";
		};
/* End PBXVariantGroup section */

/* Begin XCBuildConfiguration section */
		8C9267D126EACE240056A5D1 /* Debug */ = {
			isa = XCBuildConfiguration;
			buildSettings = {
				ALWAYS_SEARCH_USER_PATHS = NO;
				CLANG_ANALYZER_NONNULL = YES;
				CLANG_ANALYZER_NUMBER_OBJECT_CONVERSION = YES_AGGRESSIVE;
				CLANG_CXX_LANGUAGE_STANDARD = "gnu++14";
				CLANG_CXX_LIBRARY = "libc++";
				CLANG_ENABLE_MODULES = YES;
				CLANG_ENABLE_OBJC_ARC = YES;
				CLANG_ENABLE_OBJC_WEAK = YES;
				CLANG_WARN_BLOCK_CAPTURE_AUTORELEASING = YES;
				CLANG_WARN_BOOL_CONVERSION = YES;
				CLANG_WARN_COMMA = YES;
				CLANG_WARN_CONSTANT_CONVERSION = YES;
				CLANG_WARN_DEPRECATED_OBJC_IMPLEMENTATIONS = YES;
				CLANG_WARN_DIRECT_OBJC_ISA_USAGE = YES_ERROR;
				CLANG_WARN_DOCUMENTATION_COMMENTS = YES;
				CLANG_WARN_EMPTY_BODY = YES;
				CLANG_WARN_ENUM_CONVERSION = YES;
				CLANG_WARN_INFINITE_RECURSION = YES;
				CLANG_WARN_INT_CONVERSION = YES;
				CLANG_WARN_NON_LITERAL_NULL_CONVERSION = YES;
				CLANG_WARN_OBJC_IMPLICIT_RETAIN_SELF = YES;
				CLANG_WARN_OBJC_LITERAL_CONVERSION = YES;
				CLANG_WARN_OBJC_ROOT_CLASS = YES_ERROR;
				CLANG_WARN_QUOTED_INCLUDE_IN_FRAMEWORK_HEADER = YES;
				CLANG_WARN_RANGE_LOOP_ANALYSIS = YES;
				CLANG_WARN_STRICT_PROTOTYPES = YES;
				CLANG_WARN_SUSPICIOUS_MOVE = YES;
				CLANG_WARN_UNGUARDED_AVAILABILITY = YES_AGGRESSIVE;
				CLANG_WARN_UNREACHABLE_CODE = YES;
				CLANG_WARN__DUPLICATE_METHOD_MATCH = YES;
				COPY_PHASE_STRIP = NO;
				DEBUG_INFORMATION_FORMAT = dwarf;
				ENABLE_STRICT_OBJC_MSGSEND = YES;
				ENABLE_TESTABILITY = YES;
				GCC_C_LANGUAGE_STANDARD = gnu11;
				GCC_DYNAMIC_NO_PIC = NO;
				GCC_NO_COMMON_BLOCKS = YES;
				GCC_OPTIMIZATION_LEVEL = 0;
				GCC_PREPROCESSOR_DEFINITIONS = (
					"DEBUG=1",
					"$(inherited)",
				);
				GCC_WARN_64_TO_32_BIT_CONVERSION = YES;
				GCC_WARN_ABOUT_RETURN_TYPE = YES_ERROR;
				GCC_WARN_UNDECLARED_SELECTOR = YES;
				GCC_WARN_UNINITIALIZED_AUTOS = YES_AGGRESSIVE;
				GCC_WARN_UNUSED_FUNCTION = YES;
				GCC_WARN_UNUSED_VARIABLE = YES;
				IPHONEOS_DEPLOYMENT_TARGET = 14.5;
				MTL_ENABLE_DEBUG_INFO = INCLUDE_SOURCE;
				MTL_FAST_MATH = YES;
				ONLY_ACTIVE_ARCH = YES;
				SDKROOT = iphoneos;
				SWIFT_ACTIVE_COMPILATION_CONDITIONS = DEBUG;
				SWIFT_OPTIMIZATION_LEVEL = "-Onone";
			};
			name = Debug;
		};
		8C9267D226EACE240056A5D1 /* Release */ = {
			isa = XCBuildConfiguration;
			buildSettings = {
				ALWAYS_SEARCH_USER_PATHS = NO;
				CLANG_ANALYZER_NONNULL = YES;
				CLANG_ANALYZER_NUMBER_OBJECT_CONVERSION = YES_AGGRESSIVE;
				CLANG_CXX_LANGUAGE_STANDARD = "gnu++14";
				CLANG_CXX_LIBRARY = "libc++";
				CLANG_ENABLE_MODULES = YES;
				CLANG_ENABLE_OBJC_ARC = YES;
				CLANG_ENABLE_OBJC_WEAK = YES;
				CLANG_WARN_BLOCK_CAPTURE_AUTORELEASING = YES;
				CLANG_WARN_BOOL_CONVERSION = YES;
				CLANG_WARN_COMMA = YES;
				CLANG_WARN_CONSTANT_CONVERSION = YES;
				CLANG_WARN_DEPRECATED_OBJC_IMPLEMENTATIONS = YES;
				CLANG_WARN_DIRECT_OBJC_ISA_USAGE = YES_ERROR;
				CLANG_WARN_DOCUMENTATION_COMMENTS = YES;
				CLANG_WARN_EMPTY_BODY = YES;
				CLANG_WARN_ENUM_CONVERSION = YES;
				CLANG_WARN_INFINITE_RECURSION = YES;
				CLANG_WARN_INT_CONVERSION = YES;
				CLANG_WARN_NON_LITERAL_NULL_CONVERSION = YES;
				CLANG_WARN_OBJC_IMPLICIT_RETAIN_SELF = YES;
				CLANG_WARN_OBJC_LITERAL_CONVERSION = YES;
				CLANG_WARN_OBJC_ROOT_CLASS = YES_ERROR;
				CLANG_WARN_QUOTED_INCLUDE_IN_FRAMEWORK_HEADER = YES;
				CLANG_WARN_RANGE_LOOP_ANALYSIS = YES;
				CLANG_WARN_STRICT_PROTOTYPES = YES;
				CLANG_WARN_SUSPICIOUS_MOVE = YES;
				CLANG_WARN_UNGUARDED_AVAILABILITY = YES_AGGRESSIVE;
				CLANG_WARN_UNREACHABLE_CODE = YES;
				CLANG_WARN__DUPLICATE_METHOD_MATCH = YES;
				COPY_PHASE_STRIP = NO;
				DEBUG_INFORMATION_FORMAT = "dwarf-with-dsym";
				ENABLE_NS_ASSERTIONS = NO;
				ENABLE_STRICT_OBJC_MSGSEND = YES;
				GCC_C_LANGUAGE_STANDARD = gnu11;
				GCC_NO_COMMON_BLOCKS = YES;
				GCC_WARN_64_TO_32_BIT_CONVERSION = YES;
				GCC_WARN_ABOUT_RETURN_TYPE = YES_ERROR;
				GCC_WARN_UNDECLARED_SELECTOR = YES;
				GCC_WARN_UNINITIALIZED_AUTOS = YES_AGGRESSIVE;
				GCC_WARN_UNUSED_FUNCTION = YES;
				GCC_WARN_UNUSED_VARIABLE = YES;
				IPHONEOS_DEPLOYMENT_TARGET = 14.5;
				MTL_ENABLE_DEBUG_INFO = NO;
				MTL_FAST_MATH = YES;
				SDKROOT = iphoneos;
				SWIFT_COMPILATION_MODE = wholemodule;
				SWIFT_OPTIMIZATION_LEVEL = "-O";
				VALIDATE_PRODUCT = YES;
			};
			name = Release;
		};
		8C9267D426EACE240056A5D1 /* Debug */ = {
			isa = XCBuildConfiguration;
			buildSettings = {
				ASSETCATALOG_COMPILER_APPICON_NAME = AppIcon;
				ASSETCATALOG_COMPILER_GLOBAL_ACCENT_COLOR_NAME = AccentColor;
				CODE_SIGN_STYLE = Automatic;
				DEVELOPMENT_TEAM = A9ZAD4939Q;
				INFOPLIST_FILE = "swift-demo/Info.plist";
				LD_RUNPATH_SEARCH_PATHS = (
					"$(inherited)",
					"@executable_path/Frameworks",
				);
				PRODUCT_BUNDLE_IDENTIFIER = "com.kenetic-labs.swift-demo";
				PRODUCT_NAME = "$(TARGET_NAME)";
				SWIFT_VERSION = 5.0;
				TARGETED_DEVICE_FAMILY = "1,2";
			};
			name = Debug;
		};
		8C9267D526EACE240056A5D1 /* Release */ = {
			isa = XCBuildConfiguration;
			buildSettings = {
				ASSETCATALOG_COMPILER_APPICON_NAME = AppIcon;
				ASSETCATALOG_COMPILER_GLOBAL_ACCENT_COLOR_NAME = AccentColor;
				CODE_SIGN_STYLE = Automatic;
				DEVELOPMENT_TEAM = A9ZAD4939Q;
				INFOPLIST_FILE = "swift-demo/Info.plist";
				LD_RUNPATH_SEARCH_PATHS = (
					"$(inherited)",
					"@executable_path/Frameworks",
				);
				PRODUCT_BUNDLE_IDENTIFIER = "com.kenetic-labs.swift-demo";
				PRODUCT_NAME = "$(TARGET_NAME)";
				SWIFT_VERSION = 5.0;
				TARGETED_DEVICE_FAMILY = "1,2";
			};
			name = Release;
		};
		8C9267D726EACE240056A5D1 /* Debug */ = {
			isa = XCBuildConfiguration;
			buildSettings = {
				ALWAYS_EMBED_SWIFT_STANDARD_LIBRARIES = YES;
				BUNDLE_LOADER = "$(TEST_HOST)";
				CODE_SIGN_STYLE = Automatic;
				DEVELOPMENT_TEAM = A9ZAD4939Q;
				INFOPLIST_FILE = "swift-demoTests/Info.plist";
				IPHONEOS_DEPLOYMENT_TARGET = 14.5;
				LD_RUNPATH_SEARCH_PATHS = (
					"$(inherited)",
					"@executable_path/Frameworks",
					"@loader_path/Frameworks",
				);
				PRODUCT_BUNDLE_IDENTIFIER = "com.kenetic-labs.swift-demoTests";
				PRODUCT_NAME = "$(TARGET_NAME)";
				SWIFT_VERSION = 5.0;
				TARGETED_DEVICE_FAMILY = "1,2";
				TEST_HOST = "$(BUILT_PRODUCTS_DIR)/swift-demo.app/swift-demo";
			};
			name = Debug;
		};
		8C9267D826EACE240056A5D1 /* Release */ = {
			isa = XCBuildConfiguration;
			buildSettings = {
				ALWAYS_EMBED_SWIFT_STANDARD_LIBRARIES = YES;
				BUNDLE_LOADER = "$(TEST_HOST)";
				CODE_SIGN_STYLE = Automatic;
				DEVELOPMENT_TEAM = A9ZAD4939Q;
				INFOPLIST_FILE = "swift-demoTests/Info.plist";
				IPHONEOS_DEPLOYMENT_TARGET = 14.5;
				LD_RUNPATH_SEARCH_PATHS = (
					"$(inherited)",
					"@executable_path/Frameworks",
					"@loader_path/Frameworks",
				);
				PRODUCT_BUNDLE_IDENTIFIER = "com.kenetic-labs.swift-demoTests";
				PRODUCT_NAME = "$(TARGET_NAME)";
				SWIFT_VERSION = 5.0;
				TARGETED_DEVICE_FAMILY = "1,2";
				TEST_HOST = "$(BUILT_PRODUCTS_DIR)/swift-demo.app/swift-demo";
			};
			name = Release;
		};
		8C9267DA26EACE240056A5D1 /* Debug */ = {
			isa = XCBuildConfiguration;
			buildSettings = {
				ALWAYS_EMBED_SWIFT_STANDARD_LIBRARIES = YES;
				CODE_SIGN_STYLE = Automatic;
				DEVELOPMENT_TEAM = A9ZAD4939Q;
				INFOPLIST_FILE = "swift-demoUITests/Info.plist";
				LD_RUNPATH_SEARCH_PATHS = (
					"$(inherited)",
					"@executable_path/Frameworks",
					"@loader_path/Frameworks",
				);
				PRODUCT_BUNDLE_IDENTIFIER = "com.kenetic-labs.swift-demoUITests";
				PRODUCT_NAME = "$(TARGET_NAME)";
				SWIFT_VERSION = 5.0;
				TARGETED_DEVICE_FAMILY = "1,2";
				TEST_TARGET_NAME = "swift-demo";
			};
			name = Debug;
		};
		8C9267DB26EACE240056A5D1 /* Release */ = {
			isa = XCBuildConfiguration;
			buildSettings = {
				ALWAYS_EMBED_SWIFT_STANDARD_LIBRARIES = YES;
				CODE_SIGN_STYLE = Automatic;
				DEVELOPMENT_TEAM = A9ZAD4939Q;
				INFOPLIST_FILE = "swift-demoUITests/Info.plist";
				LD_RUNPATH_SEARCH_PATHS = (
					"$(inherited)",
					"@executable_path/Frameworks",
					"@loader_path/Frameworks",
				);
				PRODUCT_BUNDLE_IDENTIFIER = "com.kenetic-labs.swift-demoUITests";
				PRODUCT_NAME = "$(TARGET_NAME)";
				SWIFT_VERSION = 5.0;
				TARGETED_DEVICE_FAMILY = "1,2";
				TEST_TARGET_NAME = "swift-demo";
			};
			name = Release;
		};
/* End XCBuildConfiguration section */

/* Begin XCConfigurationList section */
		8C9267A426EACE200056A5D1 /* Build configuration list for PBXProject "swift-demo" */ = {
			isa = XCConfigurationList;
			buildConfigurations = (
				8C9267D126EACE240056A5D1 /* Debug */,
				8C9267D226EACE240056A5D1 /* Release */,
			);
			defaultConfigurationIsVisible = 0;
			defaultConfigurationName = Release;
		};
		8C9267D326EACE240056A5D1 /* Build configuration list for PBXNativeTarget "swift-demo" */ = {
			isa = XCConfigurationList;
			buildConfigurations = (
				8C9267D426EACE240056A5D1 /* Debug */,
				8C9267D526EACE240056A5D1 /* Release */,
			);
			defaultConfigurationIsVisible = 0;
			defaultConfigurationName = Release;
		};
		8C9267D626EACE240056A5D1 /* Build configuration list for PBXNativeTarget "swift-demoTests" */ = {
			isa = XCConfigurationList;
			buildConfigurations = (
				8C9267D726EACE240056A5D1 /* Debug */,
				8C9267D826EACE240056A5D1 /* Release */,
			);
			defaultConfigurationIsVisible = 0;
			defaultConfigurationName = Release;
		};
		8C9267D926EACE240056A5D1 /* Build configuration list for PBXNativeTarget "swift-demoUITests" */ = {
			isa = XCConfigurationList;
			buildConfigurations = (
				8C9267DA26EACE240056A5D1 /* Debug */,
				8C9267DB26EACE240056A5D1 /* Release */,
			);
			defaultConfigurationIsVisible = 0;
			defaultConfigurationName = Release;
		};
/* End XCConfigurationList section */
	};
	rootObject = 8C9267A126EACE200056A5D1 /* Project object */;
}
